# This file is automatically @generated by Cargo.
# It is not intended for manual editing.
version = 3

[[package]]
name = "bitreader"
version = "0.3.8"
source = "registry+https://github.com/rust-lang/crates.io-index"
checksum = "bdd859c9d97f7c468252795b35aeccc412bdbb1e90ee6969c4fa6328272eaeff"
dependencies = [
 "cfg-if",
]

[[package]]
name = "cfg-if"
version = "1.0.0"
source = "registry+https://github.com/rust-lang/crates.io-index"
checksum = "baf1de4339761588bc0619e3cbc0120ee582ebb74b53b4efbf79117bd2da40fd"

[[package]]
name = "readFileBits"
version = "0.1.0"
dependencies = [
 "bitreader",
]
